// !$*UTF8*$!
{
	archiveVersion = 1;
	classes = {
	};
	objectVersion = 46;
	objects = {

/* Begin PBXBuildFile section */
		9474F56D1D36786B00680C19 /* CalcButton.swift in Sources */ = {isa = PBXBuildFile; fileRef = 9474F56C1D36786B00680C19 /* CalcButton.swift */; };
		948CEC0E1BA0617900D17C8B /* CalculatorBrain.swift in Sources */ = {isa = PBXBuildFile; fileRef = 948CEC0D1BA0617900D17C8B /* CalculatorBrain.swift */; };
		94FBFE471A7A6A9700925DAF /* AppDelegate.swift in Sources */ = {isa = PBXBuildFile; fileRef = 94FBFE461A7A6A9700925DAF /* AppDelegate.swift */; };
		94FBFE491A7A6A9700925DAF /* ViewController.swift in Sources */ = {isa = PBXBuildFile; fileRef = 94FBFE481A7A6A9700925DAF /* ViewController.swift */; };
		94FBFE4C1A7A6A9700925DAF /* Main.storyboard in Resources */ = {isa = PBXBuildFile; fileRef = 94FBFE4A1A7A6A9700925DAF /* Main.storyboard */; };
		94FBFE4E1A7A6A9700925DAF /* Images.xcassets in Resources */ = {isa = PBXBuildFile; fileRef = 94FBFE4D1A7A6A9700925DAF /* Images.xcassets */; };
		94FBFE511A7A6A9700925DAF /* LaunchScreen.xib in Resources */ = {isa = PBXBuildFile; fileRef = 94FBFE4F1A7A6A9700925DAF /* LaunchScreen.xib */; };
		94FBFE5D1A7A6A9800925DAF /* Stanford_CalculatorTests.swift in Sources */ = {isa = PBXBuildFile; fileRef = 94FBFE5C1A7A6A9800925DAF /* Stanford_CalculatorTests.swift */; };
/* End PBXBuildFile section */

/* Begin PBXContainerItemProxy section */
		94FBFE571A7A6A9800925DAF /* PBXContainerItemProxy */ = {
			isa = PBXContainerItemProxy;
			containerPortal = 94FBFE391A7A6A9700925DAF /* Project object */;
			proxyType = 1;
			remoteGlobalIDString = 94FBFE401A7A6A9700925DAF;
			remoteInfo = "Stanford Calculator";
		};
/* End PBXContainerItemProxy section */

/* Begin PBXFileReference section */
		9474F56C1D36786B00680C19 /* CalcButton.swift */ = {isa = PBXFileReference; fileEncoding = 4; lastKnownFileType = sourcecode.swift; path = CalcButton.swift; sourceTree = "<group>"; };
		948CEC0D1BA0617900D17C8B /* CalculatorBrain.swift */ = {isa = PBXFileReference; fileEncoding = 4; lastKnownFileType = sourcecode.swift; path = CalculatorBrain.swift; sourceTree = "<group>"; };
		94FBFE411A7A6A9700925DAF /* Stanford Calculator.app */ = {isa = PBXFileReference; explicitFileType = wrapper.application; includeInIndex = 0; path = "Stanford Calculator.app"; sourceTree = BUILT_PRODUCTS_DIR; };
		94FBFE451A7A6A9700925DAF /* Info.plist */ = {isa = PBXFileReference; lastKnownFileType = text.plist.xml; path = Info.plist; sourceTree = "<group>"; };
		94FBFE461A7A6A9700925DAF /* AppDelegate.swift */ = {isa = PBXFileReference; lastKnownFileType = sourcecode.swift; path = AppDelegate.swift; sourceTree = "<group>"; };
		94FBFE481A7A6A9700925DAF /* ViewController.swift */ = {isa = PBXFileReference; lastKnownFileType = sourcecode.swift; path = ViewController.swift; sourceTree = "<group>"; };
		94FBFE4B1A7A6A9700925DAF /* Base */ = {isa = PBXFileReference; lastKnownFileType = file.storyboard; name = Base; path = Base.lproj/Main.storyboard; sourceTree = "<group>"; };
		94FBFE4D1A7A6A9700925DAF /* Images.xcassets */ = {isa = PBXFileReference; lastKnownFileType = folder.assetcatalog; path = Images.xcassets; sourceTree = "<group>"; };
		94FBFE501A7A6A9700925DAF /* Base */ = {isa = PBXFileReference; lastKnownFileType = file.xib; name = Base; path = Base.lproj/LaunchScreen.xib; sourceTree = "<group>"; };
		94FBFE561A7A6A9800925DAF /* Stanford CalculatorTests.xctest */ = {isa = PBXFileReference; explicitFileType = wrapper.cfbundle; includeInIndex = 0; path = "Stanford CalculatorTests.xctest"; sourceTree = BUILT_PRODUCTS_DIR; };
		94FBFE5B1A7A6A9800925DAF /* Info.plist */ = {isa = PBXFileReference; lastKnownFileType = text.plist.xml; path = Info.plist; sourceTree = "<group>"; };
		94FBFE5C1A7A6A9800925DAF /* Stanford_CalculatorTests.swift */ = {isa = PBXFileReference; lastKnownFileType = sourcecode.swift; path = Stanford_CalculatorTests.swift; sourceTree = "<group>"; };
/* End PBXFileReference section */

/* Begin PBXFrameworksBuildPhase section */
		94FBFE3E1A7A6A9700925DAF /* Frameworks */ = {
			isa = PBXFrameworksBuildPhase;
			buildActionMask = 2147483647;
			files = (
			);
			runOnlyForDeploymentPostprocessing = 0;
		};
		94FBFE531A7A6A9800925DAF /* Frameworks */ = {
			isa = PBXFrameworksBuildPhase;
			buildActionMask = 2147483647;
			files = (
			);
			runOnlyForDeploymentPostprocessing = 0;
		};
/* End PBXFrameworksBuildPhase section */

/* Begin PBXGroup section */
		94FBFE381A7A6A9700925DAF = {
			isa = PBXGroup;
			children = (
				94FBFE431A7A6A9700925DAF /* Stanford Calculator */,
				94FBFE591A7A6A9800925DAF /* Stanford CalculatorTests */,
				94FBFE421A7A6A9700925DAF /* Products */,
			);
			sourceTree = "<group>";
		};
		94FBFE421A7A6A9700925DAF /* Products */ = {
			isa = PBXGroup;
			children = (
				94FBFE411A7A6A9700925DAF /* Stanford Calculator.app */,
				94FBFE561A7A6A9800925DAF /* Stanford CalculatorTests.xctest */,
			);
			name = Products;
			sourceTree = "<group>";
		};
		94FBFE431A7A6A9700925DAF /* Stanford Calculator */ = {
			isa = PBXGroup;
			children = (
				94FBFE481A7A6A9700925DAF /* ViewController.swift */,
				948CEC0D1BA0617900D17C8B /* CalculatorBrain.swift */,
				94FBFE4A1A7A6A9700925DAF /* Main.storyboard */,
				94FBFE441A7A6A9700925DAF /* Supporting Files */,
				9474F56C1D36786B00680C19 /* CalcButton.swift */,
			);
			path = "Stanford Calculator";
			sourceTree = "<group>";
		};
		94FBFE441A7A6A9700925DAF /* Supporting Files */ = {
			isa = PBXGroup;
			children = (
				94FBFE4D1A7A6A9700925DAF /* Images.xcassets */,
				94FBFE4F1A7A6A9700925DAF /* LaunchScreen.xib */,
				94FBFE461A7A6A9700925DAF /* AppDelegate.swift */,
				94FBFE451A7A6A9700925DAF /* Info.plist */,
			);
			name = "Supporting Files";
			sourceTree = "<group>";
		};
		94FBFE591A7A6A9800925DAF /* Stanford CalculatorTests */ = {
			isa = PBXGroup;
			children = (
				94FBFE5C1A7A6A9800925DAF /* Stanford_CalculatorTests.swift */,
				94FBFE5A1A7A6A9800925DAF /* Supporting Files */,
			);
			path = "Stanford CalculatorTests";
			sourceTree = "<group>";
		};
		94FBFE5A1A7A6A9800925DAF /* Supporting Files */ = {
			isa = PBXGroup;
			children = (
				94FBFE5B1A7A6A9800925DAF /* Info.plist */,
			);
			name = "Supporting Files";
			sourceTree = "<group>";
		};
/* End PBXGroup section */

/* Begin PBXNativeTarget section */
		94FBFE401A7A6A9700925DAF /* Stanford Calculator */ = {
			isa = PBXNativeTarget;
			buildConfigurationList = 94FBFE601A7A6A9800925DAF /* Build configuration list for PBXNativeTarget "Stanford Calculator" */;
			buildPhases = (
				94FBFE3D1A7A6A9700925DAF /* Sources */,
				94FBFE3E1A7A6A9700925DAF /* Frameworks */,
				94FBFE3F1A7A6A9700925DAF /* Resources */,
			);
			buildRules = (
			);
			dependencies = (
			);
			name = "Stanford Calculator";
			productName = "Stanford Calculator";
			productReference = 94FBFE411A7A6A9700925DAF /* Stanford Calculator.app */;
			productType = "com.apple.product-type.application";
		};
		94FBFE551A7A6A9800925DAF /* Stanford CalculatorTests */ = {
			isa = PBXNativeTarget;
			buildConfigurationList = 94FBFE631A7A6A9800925DAF /* Build configuration list for PBXNativeTarget "Stanford CalculatorTests" */;
			buildPhases = (
				94FBFE521A7A6A9800925DAF /* Sources */,
				94FBFE531A7A6A9800925DAF /* Frameworks */,
				94FBFE541A7A6A9800925DAF /* Resources */,
			);
			buildRules = (
			);
			dependencies = (
				94FBFE581A7A6A9800925DAF /* PBXTargetDependency */,
			);
			name = "Stanford CalculatorTests";
			productName = "Stanford CalculatorTests";
			productReference = 94FBFE561A7A6A9800925DAF /* Stanford CalculatorTests.xctest */;
			productType = "com.apple.product-type.bundle.unit-test";
		};
/* End PBXNativeTarget section */

/* Begin PBXProject section */
		94FBFE391A7A6A9700925DAF /* Project object */ = {
			isa = PBXProject;
			attributes = {
				LastSwiftMigration = 0730;
				LastSwiftUpdateCheck = 0730;
				LastUpgradeCheck = 0730;
				ORGANIZATIONNAME = Q42;
				TargetAttributes = {
					94FBFE401A7A6A9700925DAF = {
						CreatedOnToolsVersion = 6.1.1;
						DevelopmentTeam = DFQ6DAEJ92;
					};
					94FBFE551A7A6A9800925DAF = {
						CreatedOnToolsVersion = 6.1.1;
						TestTargetID = 94FBFE401A7A6A9700925DAF;
					};
				};
			};
			buildConfigurationList = 94FBFE3C1A7A6A9700925DAF /* Build configuration list for PBXProject "Stanford Calculator" */;
			compatibilityVersion = "Xcode 3.2";
			developmentRegion = English;
			hasScannedForEncodings = 0;
			knownRegions = (
				en,
				Base,
			);
			mainGroup = 94FBFE381A7A6A9700925DAF;
			productRefGroup = 94FBFE421A7A6A9700925DAF /* Products */;
			projectDirPath = "";
			projectRoot = "";
			targets = (
				94FBFE401A7A6A9700925DAF /* Stanford Calculator */,
				94FBFE551A7A6A9800925DAF /* Stanford CalculatorTests */,
			);
		};
/* End PBXProject section */

/* Begin PBXResourcesBuildPhase section */
		94FBFE3F1A7A6A9700925DAF /* Resources */ = {
			isa = PBXResourcesBuildPhase;
			buildActionMask = 2147483647;
			files = (
				94FBFE4C1A7A6A9700925DAF /* Main.storyboard in Resources */,
				94FBFE511A7A6A9700925DAF /* LaunchScreen.xib in Resources */,
				94FBFE4E1A7A6A9700925DAF /* Images.xcassets in Resources */,
			);
			runOnlyForDeploymentPostprocessing = 0;
		};
		94FBFE541A7A6A9800925DAF /* Resources */ = {
			isa = PBXResourcesBuildPhase;
			buildActionMask = 2147483647;
			files = (
			);
			runOnlyForDeploymentPostprocessing = 0;
		};
/* End PBXResourcesBuildPhase section */

/* Begin PBXSourcesBuildPhase section */
		94FBFE3D1A7A6A9700925DAF /* Sources */ = {
			isa = PBXSourcesBuildPhase;
			buildActionMask = 2147483647;
			files = (
				948CEC0E1BA0617900D17C8B /* CalculatorBrain.swift in Sources */,
				94FBFE491A7A6A9700925DAF /* ViewController.swift in Sources */,
				9474F56D1D36786B00680C19 /* CalcButton.swift in Sources */,
				94FBFE471A7A6A9700925DAF /* AppDelegate.swift in Sources */,
			);
			runOnlyForDeploymentPostprocessing = 0;
		};
		94FBFE521A7A6A9800925DAF /* Sources */ = {
			isa = PBXSourcesBuildPhase;
			buildActionMask = 2147483647;
			files = (
				94FBFE5D1A7A6A9800925DAF /* Stanford_CalculatorTests.swift in Sources */,
			);
			runOnlyForDeploymentPostprocessing = 0;
		};
/* End PBXSourcesBuildPhase section */

/* Begin PBXTargetDependency section */
		94FBFE581A7A6A9800925DAF /* PBXTargetDependency */ = {
			isa = PBXTargetDependency;
			target = 94FBFE401A7A6A9700925DAF /* Stanford Calculator */;
			targetProxy = 94FBFE571A7A6A9800925DAF /* PBXContainerItemProxy */;
		};
/* End PBXTargetDependency section */

/* Begin PBXVariantGroup section */
		94FBFE4A1A7A6A9700925DAF /* Main.storyboard */ = {
			isa = PBXVariantGroup;
			children = (
				94FBFE4B1A7A6A9700925DAF /* Base */,
			);
			name = Main.storyboard;
			sourceTree = "<group>";
		};
		94FBFE4F1A7A6A9700925DAF /* LaunchScreen.xib */ = {
			isa = PBXVariantGroup;
			children = (
				94FBFE501A7A6A9700925DAF /* Base */,
			);
			name = LaunchScreen.xib;
			sourceTree = "<group>";
		};
/* End PBXVariantGroup section */

/* Begin XCBuildConfiguration section */
		94FBFE5E1A7A6A9800925DAF /* Debug */ = {
			isa = XCBuildConfiguration;
			buildSettings = {
				ALWAYS_SEARCH_USER_PATHS = NO;
				CLANG_CXX_LANGUAGE_STANDARD = "gnu++0x";
				CLANG_CXX_LIBRARY = "libc++";
				CLANG_ENABLE_MODULES = YES;
				CLANG_ENABLE_OBJC_ARC = YES;
				CLANG_WARN_BOOL_CONVERSION = YES;
				CLANG_WARN_CONSTANT_CONVERSION = YES;
				CLANG_WARN_DIRECT_OBJC_ISA_USAGE = YES_ERROR;
				CLANG_WARN_EMPTY_BODY = YES;
				CLANG_WARN_ENUM_CONVERSION = YES;
				CLANG_WARN_INT_CONVERSION = YES;
				CLANG_WARN_OBJC_ROOT_CLASS = YES_ERROR;
				CLANG_WARN_UNREACHABLE_CODE = YES;
				CLANG_WARN__DUPLICATE_METHOD_MATCH = YES;
				"CODE_SIGN_IDENTITY[sdk=iphoneos*]" = "iPhone Developer";
				COPY_PHASE_STRIP = NO;
				ENABLE_STRICT_OBJC_MSGSEND = YES;
				ENABLE_TESTABILITY = YES;
				GCC_C_LANGUAGE_STANDARD = gnu99;
				GCC_DYNAMIC_NO_PIC = NO;
				GCC_OPTIMIZATION_LEVEL = 0;
				GCC_PREPROCESSOR_DEFINITIONS = (
					"DEBUG=1",
					"$(inherited)",
				);
				GCC_SYMBOLS_PRIVATE_EXTERN = NO;
				GCC_WARN_64_TO_32_BIT_CONVERSION = YES;
				GCC_WARN_ABOUT_RETURN_TYPE = YES_ERROR;
				GCC_WARN_UNDECLARED_SELECTOR = YES;
				GCC_WARN_UNINITIALIZED_AUTOS = YES_AGGRESSIVE;
				GCC_WARN_UNUSED_FUNCTION = YES;
				GCC_WARN_UNUSED_VARIABLE = YES;
				IPHONEOS_DEPLOYMENT_TARGET = 9.3;
				MTL_ENABLE_DEBUG_INFO = YES;
				ONLY_ACTIVE_ARCH = YES;
				SDKROOT = iphoneos;
				SWIFT_OPTIMIZATION_LEVEL = "-Onone";
				TARGETED_DEVICE_FAMILY = "1,2";
			};
			name = Debug;
		};
		94FBFE5F1A7A6A9800925DAF /* Release */ = {
			isa = XCBuildConfiguration;
			buildSettings = {
				ALWAYS_SEARCH_USER_PATHS = NO;
				CLANG_CXX_LANGUAGE_STANDARD = "gnu++0x";
				CLANG_CXX_LIBRARY = "libc++";
				CLANG_ENABLE_MODULES = YES;
				CLANG_ENABLE_OBJC_ARC = YES;
				CLANG_WARN_BOOL_CONVERSION = YES;
				CLANG_WARN_CONSTANT_CONVERSION = YES;
				CLANG_WARN_DIRECT_OBJC_ISA_USAGE = YES_ERROR;
				CLANG_WARN_EMPTY_BODY = YES;
				CLANG_WARN_ENUM_CONVERSION = YES;
				CLANG_WARN_INT_CONVERSION = YES;
				CLANG_WARN_OBJC_ROOT_CLASS = YES_ERROR;
				CLANG_WARN_UNREACHABLE_CODE = YES;
				CLANG_WARN__DUPLICATE_METHOD_MATCH = YES;
				"CODE_SIGN_IDENTITY[sdk=iphoneos*]" = "iPhone Developer";
				COPY_PHASE_STRIP = YES;
				ENABLE_NS_ASSERTIONS = NO;
				ENABLE_STRICT_OBJC_MSGSEND = YES;
				GCC_C_LANGUAGE_STANDARD = gnu99;
				GCC_WARN_64_TO_32_BIT_CONVERSION = YES;
				GCC_WARN_ABOUT_RETURN_TYPE = YES_ERROR;
				GCC_WARN_UNDECLARED_SELECTOR = YES;
				GCC_WARN_UNINITIALIZED_AUTOS = YES_AGGRESSIVE;
				GCC_WARN_UNUSED_FUNCTION = YES;
				GCC_WARN_UNUSED_VARIABLE = YES;
				IPHONEOS_DEPLOYMENT_TARGET = 9.3;
				MTL_ENABLE_DEBUG_INFO = NO;
				SDKROOT = iphoneos;
				TARGETED_DEVICE_FAMILY = "1,2";
				VALIDATE_PRODUCT = YES;
			};
			name = Release;
		};
		94FBFE611A7A6A9800925DAF /* Debug */ = {
			isa = XCBuildConfiguration;
			buildSettings = {
				ASSETCATALOG_COMPILER_APPICON_NAME = AppIcon;
				CODE_SIGN_IDENTITY = "iPhone Developer";
				INFOPLIST_FILE = "Stanford Calculator/Info.plist";
				LD_RUNPATH_SEARCH_PATHS = "$(inherited) @executable_path/Frameworks";
				PRODUCT_BUNDLE_IDENTIFIER = "Q42.$(PRODUCT_NAME:rfc1034identifier)";
				PRODUCT_NAME = "$(TARGET_NAME)";
			};
			name = Debug;
		};
		94FBFE621A7A6A9800925DAF /* Release */ = {
			isa = XCBuildConfiguration;
			buildSettings = {
				ASSETCATALOG_COMPILER_APPICON_NAME = AppIcon;
				CODE_SIGN_IDENTITY = "iPhone Developer";
				INFOPLIST_FILE = "Stanford Calculator/Info.plist";
				LD_RUNPATH_SEARCH_PATHS = "$(inherited) @executable_path/Frameworks";
				PRODUCT_BUNDLE_IDENTIFIER = "Q42.$(PRODUCT_NAME:rfc1034identifier)";
				PRODUCT_NAME = "$(TARGET_NAME)";
			};
			name = Release;
		};
		94FBFE641A7A6A9800925DAF /* Debug */ = {
			isa = XCBuildConfiguration;
			buildSettings = {
				BUNDLE_LOADER = "$(TEST_HOST)";
				FRAMEWORK_SEARCH_PATHS = (
					"$(SDKROOT)/Developer/Library/Frameworks",
					"$(inherited)",
				);
				GCC_PREPROCESSOR_DEFINITIONS = (
					"DEBUG=1",
					"$(inherited)",
				);
				INFOPLIST_FILE = "Stanford CalculatorTests/Info.plist";
				LD_RUNPATH_SEARCH_PATHS = "$(inherited) @executable_path/Frameworks @loader_path/Frameworks";
				PRODUCT_BUNDLE_IDENTIFIER = "Q42.$(PRODUCT_NAME:rfc1034identifier)";
				PRODUCT_NAME = "$(TARGET_NAME)";
				TEST_HOST = "$(BUILT_PRODUCTS_DIR)/Stanford Calculator.app/Stanford Calculator";
			};
			name = Debug;
		};
		94FBFE651A7A6A9800925DAF /* Release */ = {
			isa = XCBuildConfiguration;
			buildSettings = {
				BUNDLE_LOADER = "$(TEST_HOST)";
				FRAMEWORK_SEARCH_PATHS = (
					"$(SDKROOT)/Developer/Library/Frameworks",
					"$(inherited)",
				);
				INFOPLIST_FILE = "Stanford CalculatorTests/Info.plist";
				LD_RUNPATH_SEARCH_PATHS = "$(inherited) @executable_path/Frameworks @loader_path/Frameworks";
				PRODUCT_BUNDLE_IDENTIFIER = "Q42.$(PRODUCT_NAME:rfc1034identifier)";
				PRODUCT_NAME = "$(TARGET_NAME)";
				TEST_HOST = "$(BUILT_PRODUCTS_DIR)/Stanford Calculator.app/Stanford Calculator";
			};
			name = Release;
		};
/* End XCBuildConfiguration section */

/* Begin XCConfigurationList section */
		94FBFE3C1A7A6A9700925DAF /* Build configuration list for PBXProject "Stanford Calculator" */ = {
			isa = XCConfigurationList;
			buildConfigurations = (
				94FBFE5E1A7A6A9800925DAF /* Debug */,
				94FBFE5F1A7A6A9800925DAF /* Release */,
			);
			defaultConfigurationIsVisible = 0;
			defaultConfigurationName = Debug;
		};
		94FBFE601A7A6A9800925DAF /* Build configuration list for PBXNativeTarget "Stanford Calculator" */ = {
			isa = XCConfigurationList;
			buildConfigurations = (
				94FBFE611A7A6A9800925DAF /* Debug */,
				94FBFE621A7A6A9800925DAF /* Release */,
			);
			defaultConfigurationIsVisible = 0;
			defaultConfigurationName = Debug;
		};
		94FBFE631A7A6A9800925DAF /* Build configuration list for PBXNativeTarget "Stanford CalculatorTests" */ = {
			isa = XCConfigurationList;
			buildConfigurations = (
				94FBFE641A7A6A9800925DAF /* Debug */,
				94FBFE651A7A6A9800925DAF /* Release */,
			);
			defaultConfigurationIsVisible = 0;
			defaultConfigurationName = Debug;
		};
/* End XCConfigurationList section */
	};
	rootObject = 94FBFE391A7A6A9700925DAF /* Project object */;
}
